
Microsoft Visual Studio Solution File, Format Version 12.00
# Visual Studio 2012
Project("{FAE04EC0-301F-11D3-BF4B-00C04F79EFBC}") = "MvcPaging", "MvcPaging\MvcPaging.csproj", "{2591A1D1-FEFC-4DEF-8930-D51274653B25}"
EndProject
Global
	GlobalSection(SolutionConfigurationPlatforms) = preSolution
		Debug|Any CPU = Debug|Any CPU
		Release|Any CPU = Release|Any CPU
	EndGlobalSection
	GlobalSection(ProjectConfigurationPlatforms) = postSolution
		{2591A1D1-FEFC-4DEF-8930-D51274653B25}.Debug|Any CPU.ActiveCfg = Debug|Any CPU
		{2591A1D1-FEFC-4DEF-8930-D51274653B25}.Debug|Any CPU.Build.0 = Debug|Any CPU
		{2591A1D1-FEFC-4DEF-8930-D51274653B25}.Release|Any CPU.ActiveCfg = Release|Any CPU
		{2591A1D1-FEFC-4DEF-8930-D51274653B25}.Release|Any CPU.Build.0 = Release|Any CPU
	EndGlobalSection
	GlobalSection(SolutionProperties) = preSolution
		HideSolutionNode = FALSE
	EndGlobalSection
EndGlobal
